
Microsoft Visual Studio Solution File, Format Version 12.00
# Visual Studio Version 16
VisualStudioVersion = 16.0.29411.108
MinimumVisualStudioVersion = 10.0.40219.1
Project("{FAE04EC0-301F-11D3-BF4B-00C04F79EFBC}") = "CassandraCats.API", "CassandraCats.API\CassandraCats.API.csproj", "{F5D3FC98-A6AB-4068-A867-2967689DEDB0}"
EndProject
Global
	GlobalSection(SolutionConfigurationPlatforms) = preSolution
		Debug|Any CPU = Debug|Any CPU
		Release|Any CPU = Release|Any CPU
	EndGlobalSection
	GlobalSection(ProjectConfigurationPlatforms) = postSolution
		{F5D3FC98-A6AB-4068-A867-2967689DEDB0}.Debug|Any CPU.ActiveCfg = Debug|Any CPU
		{F5D3FC98-A6AB-4068-A867-2967689DEDB0}.Debug|Any CPU.Build.0 = Debug|Any CPU
		{F5D3FC98-A6AB-4068-A867-2967689DEDB0}.Release|Any CPU.ActiveCfg = Release|Any CPU
		{F5D3FC98-A6AB-4068-A867-2967689DEDB0}.Release|Any CPU.Build.0 = Release|Any CPU
	EndGlobalSection
	GlobalSection(SolutionProperties) = preSolution
		HideSolutionNode = FALSE
	EndGlobalSection
	GlobalSection(ExtensibilityGlobals) = postSolution
		SolutionGuid = {B8E8E5AE-FCE0-4DD9-AD96-6A0426A2717E}
	EndGlobalSection
EndGlobal
